
Microsoft Visual Studio Solution File, Format Version 11.00
# Visual Studio 2010
Project("{8BC9CEB8-8B4A-11D0-8D11-00A0C91BC942}") = "OpenCV_Zbar_Demo_2", "OpenCV_Zbar_Demo_2\OpenCV_Zbar_Demo_2.vcxproj", "{27997131-4370-4F31-A44B-28DB9944BC20}"
EndProject
Global
	GlobalSection(SolutionConfigurationPlatforms) = preSolution
		Debug|Win32 = Debug|Win32
		Release|Win32 = Release|Win32
	EndGlobalSection
	GlobalSection(ProjectConfigurationPlatforms) = postSolution
		{27997131-4370-4F31-A44B-28DB9944BC20}.Debug|Win32.ActiveCfg = Debug|Win32
		{27997131-4370-4F31-A44B-28DB9944BC20}.Debug|Win32.Build.0 = Debug|Win32
		{27997131-4370-4F31-A44B-28DB9944BC20}.Release|Win32.ActiveCfg = Release|Win32
		{27997131-4370-4F31-A44B-28DB9944BC20}.Release|Win32.Build.0 = Release|Win32
	EndGlobalSection
	GlobalSection(SolutionProperties) = preSolution
		HideSolutionNode = FALSE
	EndGlobalSection
EndGlobal
